lockfileVersion: '9.0'

settings:
  autoInstallPeers: true
  excludeLinksFromLockfile: false

importers:

  .:
    dependencies:
      '@ast-grep/napi':
        specifier: ^0.40.5
        version: 0.40.5
    devDependencies:
      '@types/node':
        specifier: ^25.2.3
        version: 25.2.3
      typescript:
        specifier: ^5.9.3
        version: 5.9.3

packages:

  '@ast-grep/napi-darwin-arm64@0.40.5':
    resolution: {integrity: sha512-2F072fGN0WTq7KI3okuEnkGJVEHLbi56Bw1H6NAMf7j2mJJeQWsRyGOMcyNnUXZDeNdvoMH0OB2a5wwUegY/nQ==}
    engines: {node: '>= 10'}
    cpu: [arm64]
    os: [darwin]

  '@ast-grep/napi-darwin-x64@0.40.5':
    resolution: {integrity: sha512-dJMidHZhhxuLBYNi6/FKI812jQ7wcFPSKkVPwviez2D+KvYagapUMAV/4dJ7FCORfguVk8Y0jpPAlYmWRT5nvA==}
    engines: {node: '>= 10'}
    cpu: [x64]
    os: [darwin]

  '@ast-grep/napi-linux-arm64-gnu@0.40.5':
    resolution: {integrity: sha512-nBRCbyoS87uqkaw4Oyfe5VO+SRm2B+0g0T8ME69Qry9ShMf41a2bTdpcQx9e8scZPogq+CTwDHo3THyBV71l9w==}
    engines: {node: '>= 10'}
    cpu: [arm64]
    os: [linux]
    libc: [glibc]

  '@ast-grep/napi-linux-arm64-musl@0.40.5':
    resolution: {integrity: sha512-/qKsmds5FMoaEj6FdNzepbmLMtlFuBLdrAn9GIWCqOIcVcYvM1Nka8+mncfeXB/MFZKOrzQsQdPTWqrrQzXLrA==}
    engines: {node: '>= 10'}
    cpu: [arm64]
    os: [linux]
    libc: [musl]

  '@ast-grep/napi-linux-x64-gnu@0.40.5':
    resolution: {integrity: sha512-DP4oDbq7f/1A2hRTFLhJfDFR6aI5mRWdEfKfHzRItmlKsR9WlcEl1qDJs/zX9R2EEtIDsSKRzuJNfJllY3/W8Q==}
    engines: {node: '>= 10'}
    cpu: [x64]
    os: [linux]
    libc: [glibc]

  '@ast-grep/napi-linux-x64-musl@0.40.5':
    resolution: {integrity: sha512-BRZUvVBPUNpWPo6Ns8chXVzxHPY+k9gpsubGTHy92Q26ecZULd/dTkWWdnvfhRqttsSQ9Pe/XQdi5+hDQ6RYcg==}
    engines: {node: '>= 10'}
    cpu: [x64]
    os: [linux]
    libc: [musl]

  '@ast-grep/napi-win32-arm64-msvc@0.40.5':
    resolution: {integrity: sha512-y95zSEwc7vhxmcrcH0GnK4ZHEBQrmrszRBNQovzaciF9GUqEcCACNLoBesn4V47IaOp4fYgD2/EhGRTIBFb2Ug==}
    engines: {node: '>= 10'}
    cpu: [arm64]
    os: [win32]

  '@ast-grep/napi-win32-ia32-msvc@0.40.5':
    resolution: {integrity: sha512-K/u8De62iUnFCzVUs7FBdTZ2Jrgc5/DLHqjpup66KxZ7GIM9/HGME/O8aSoPkpcAeCD4TiTZ11C1i5p5H98hTg==}
    engines: {node: '>= 10'}
    cpu: [ia32]
    os: [win32]

  '@ast-grep/napi-win32-x64-msvc@0.40.5':
    resolution: {integrity: sha512-dqm5zg/o4Nh4VOQPEpMS23ot8HVd22gG0eg01t4CFcZeuzyuSgBlOL3N7xLbz3iH2sVkk7keuBwAzOIpTqziNQ==}
    engines: {node: '>= 10'}
    cpu: [x64]
    os: [win32]

  '@ast-grep/napi@0.40.5':
    resolution: {integrity: sha512-hJA62OeBKUQT68DD2gDyhOqJxZxycqg8wLxbqjgqSzYttCMSDL9tiAQ9abgekBYNHudbJosm9sWOEbmCDfpX2A==}
    engines: {node: '>= 10'}

  '@types/node@25.2.3':
    resolution: {integrity: sha512-m0jEgYlYz+mDJZ2+F4v8D1AyQb+QzsNqRuI7xg1VQX/KlKS0qT9r1Mo16yo5F/MtifXFgaofIFsdFMox2SxIbQ==}

  typescript@5.9.3:
    resolution: {integrity: sha512-jl1vZzPDinLr9eUt3J/t7V6FgNEw9QjvBPdysz9KfQDD41fQrC2Y4vKQdiaUpFT4bXlb1RHhLpp8wtm6M5TgSw==}
    engines: {node: '>=14.17'}
    hasBin: true

  undici-types@7.16.0:
    resolution: {integrity: sha512-Zz+aZWSj8LE6zoxD+xrjh4VfkIG8Ya6LvYkZqtUQGJPZjYl53ypCaUwWqo7eI0x66KBGeRo+mlBEkMSeSZ38Nw==}

snapshots:

  '@ast-grep/napi-darwin-arm64@0.40.5':
    optional: true

  '@ast-grep/napi-darwin-x64@0.40.5':
    optional: true

  '@ast-grep/napi-linux-arm64-gnu@0.40.5':
    optional: true

  '@ast-grep/napi-linux-arm64-musl@0.40.5':
    optional: true

  '@ast-grep/napi-linux-x64-gnu@0.40.5':
    optional: true

  '@ast-grep/napi-linux-x64-musl@0.40.5':
    optional: true

  '@ast-grep/napi-win32-arm64-msvc@0.40.5':
    optional: true

  '@ast-grep/napi-win32-ia32-msvc@0.40.5':
    optional: true

  '@ast-grep/napi-win32-x64-msvc@0.40.5':
    optional: true

  '@ast-grep/napi@0.40.5':
    optionalDependencies:
      '@ast-grep/napi-darwin-arm64': 0.40.5
      '@ast-grep/napi-darwin-x64': 0.40.5
      '@ast-grep/napi-linux-arm64-gnu': 0.40.5
      '@ast-grep/napi-linux-arm64-musl': 0.40.5
      '@ast-grep/napi-linux-x64-gnu': 0.40.5
      '@ast-grep/napi-linux-x64-musl': 0.40.5
      '@ast-grep/napi-win32-arm64-msvc': 0.40.5
      '@ast-grep/napi-win32-ia32-msvc': 0.40.5
      '@ast-grep/napi-win32-x64-msvc': 0.40.5

  '@types/node@25.2.3':
    dependencies:
      undici-types: 7.16.0

  typescript@5.9.3: {}

  undici-types@7.16.0: {}
